
Microsoft Visual Studio Solution File, Format Version 12.00
# Visual Studio Version 17
VisualStudioVersion = 17.0.31903.59
MinimumVisualStudioVersion = 10.0.40219.1
Project("{FAE04EC0-301F-11D3-BF4B-00C04F79EFBC}") = "AstraEngine.Core", "AstraEngine.Core\AstraEngine.Core.csproj", "{0D617945-510F-4B06-A46C-6C0E031DE965}"
EndProject
Project("{FAE04EC0-301F-11D3-BF4B-00C04F79EFBC}") = "Example", "Example\Example.csproj", "{141983A8-4384-4273-91B9-407448EAA63F}"
EndProject
Project("{FAE04EC0-301F-11D3-BF4B-00C04F79EFBC}") = "AstraEngine.Canvas2D", "AstraEngine.Canvas2D\AstraEngine.Canvas2D.csproj", "{A01792BA-9F05-4326-8335-95F72D46EEC5}"
EndProject
Project("{FAE04EC0-301F-11D3-BF4B-00C04F79EFBC}") = "AstraEngine.Tests", "AstraEngine.Tests\AstraEngine.Tests.csproj", "{CAA8408C-927A-4375-A821-8DE4038B6463}"
EndProject
Project("{FAE04EC0-301F-11D3-BF4B-00C04F79EFBC}") = "AstraEngine.InputSystem", "AstraEngine.InputSystem\AstraEngine.InputSystem.csproj", "{7F92F066-0FE1-4820-89FA-D807A1A3E251}"
EndProject
Project("{FAE04EC0-301F-11D3-BF4B-00C04F79EFBC}") = "AstraEngine.RaylibAdapter", "AstraEngine.RaylibAdapter\AstraEngine.RaylibAdapter.csproj", "{C4AC14C9-D0D5-4B26-93AD-181B499ACCC7}"
EndProject
Global
	GlobalSection(SolutionProperties) = preSolution
		HideSolutionNode = FALSE
	EndGlobalSection
	GlobalSection(SolutionConfigurationPlatforms) = preSolution
		Debug|Any CPU = Debug|Any CPU
		Debug|x64 = Debug|x64
		Debug|x86 = Debug|x86
		Release|Any CPU = Release|Any CPU
		Release|x64 = Release|x64
		Release|x86 = Release|x86
	EndGlobalSection
	GlobalSection(ProjectConfigurationPlatforms) = postSolution
		{0D617945-510F-4B06-A46C-6C0E031DE965}.Debug|Any CPU.ActiveCfg = Debug|Any CPU
		{0D617945-510F-4B06-A46C-6C0E031DE965}.Debug|Any CPU.Build.0 = Debug|Any CPU
		{0D617945-510F-4B06-A46C-6C0E031DE965}.Debug|x64.ActiveCfg = Debug|Any CPU
		{0D617945-510F-4B06-A46C-6C0E031DE965}.Debug|x64.Build.0 = Debug|Any CPU
		{0D617945-510F-4B06-A46C-6C0E031DE965}.Debug|x86.ActiveCfg = Debug|Any CPU
		{0D617945-510F-4B06-A46C-6C0E031DE965}.Debug|x86.Build.0 = Debug|Any CPU
		{0D617945-510F-4B06-A46C-6C0E031DE965}.Release|Any CPU.ActiveCfg = Release|Any CPU
		{0D617945-510F-4B06-A46C-6C0E031DE965}.Release|Any CPU.Build.0 = Release|Any CPU
		{0D617945-510F-4B06-A46C-6C0E031DE965}.Release|x64.ActiveCfg = Release|Any CPU
		{0D617945-510F-4B06-A46C-6C0E031DE965}.Release|x64.Build.0 = Release|Any CPU
		{0D617945-510F-4B06-A46C-6C0E031DE965}.Release|x86.ActiveCfg = Release|Any CPU
		{0D617945-510F-4B06-A46C-6C0E031DE965}.Release|x86.Build.0 = Release|Any CPU
		{141983A8-4384-4273-91B9-407448EAA63F}.Debug|Any CPU.ActiveCfg = Debug|Any CPU
		{141983A8-4384-4273-91B9-407448EAA63F}.Debug|Any CPU.Build.0 = Debug|Any CPU
		{141983A8-4384-4273-91B9-407448EAA63F}.Debug|x64.ActiveCfg = Debug|Any CPU
		{141983A8-4384-4273-91B9-407448EAA63F}.Debug|x64.Build.0 = Debug|Any CPU
		{141983A8-4384-4273-91B9-407448EAA63F}.Debug|x86.ActiveCfg = Debug|Any CPU
		{141983A8-4384-4273-91B9-407448EAA63F}.Debug|x86.Build.0 = Debug|Any CPU
		{141983A8-4384-4273-91B9-407448EAA63F}.Release|Any CPU.ActiveCfg = Release|Any CPU
		{141983A8-4384-4273-91B9-407448EAA63F}.Release|Any CPU.Build.0 = Release|Any CPU
		{141983A8-4384-4273-91B9-407448EAA63F}.Release|x64.ActiveCfg = Release|Any CPU
		{141983A8-4384-4273-91B9-407448EAA63F}.Release|x64.Build.0 = Release|Any CPU
		{141983A8-4384-4273-91B9-407448EAA63F}.Release|x86.ActiveCfg = Release|Any CPU
		{141983A8-4384-4273-91B9-407448EAA63F}.Release|x86.Build.0 = Release|Any CPU
		{A01792BA-9F05-4326-8335-95F72D46EEC5}.Debug|Any CPU.ActiveCfg = Debug|Any CPU
		{A01792BA-9F05-4326-8335-95F72D46EEC5}.Debug|Any CPU.Build.0 = Debug|Any CPU
		{A01792BA-9F05-4326-8335-95F72D46EEC5}.Debug|x64.ActiveCfg = Debug|Any CPU
		{A01792BA-9F05-4326-8335-95F72D46EEC5}.Debug|x64.Build.0 = Debug|Any CPU
		{A01792BA-9F05-4326-8335-95F72D46EEC5}.Debug|x86.ActiveCfg = Debug|Any CPU
		{A01792BA-9F05-4326-8335-95F72D46EEC5}.Debug|x86.Build.0 = Debug|Any CPU
		{A01792BA-9F05-4326-8335-95F72D46EEC5}.Release|Any CPU.ActiveCfg = Release|Any CPU
		{A01792BA-9F05-4326-8335-95F72D46EEC5}.Release|Any CPU.Build.0 = Release|Any CPU
		{A01792BA-9F05-4326-8335-95F72D46EEC5}.Release|x64.ActiveCfg = Release|Any CPU
		{A01792BA-9F05-4326-8335-95F72D46EEC5}.Release|x64.Build.0 = Release|Any CPU
		{A01792BA-9F05-4326-8335-95F72D46EEC5}.Release|x86.ActiveCfg = Release|Any CPU
		{A01792BA-9F05-4326-8335-95F72D46EEC5}.Release|x86.Build.0 = Release|Any CPU
		{CAA8408C-927A-4375-A821-8DE4038B6463}.Debug|Any CPU.ActiveCfg = Debug|Any CPU
		{CAA8408C-927A-4375-A821-8DE4038B6463}.Debug|Any CPU.Build.0 = Debug|Any CPU
		{CAA8408C-927A-4375-A821-8DE4038B6463}.Debug|x64.ActiveCfg = Debug|Any CPU
		{CAA8408C-927A-4375-A821-8DE4038B6463}.Debug|x64.Build.0 = Debug|Any CPU
		{CAA8408C-927A-4375-A821-8DE4038B6463}.Debug|x86.ActiveCfg = Debug|Any CPU
		{CAA8408C-927A-4375-A821-8DE4038B6463}.Debug|x86.Build.0 = Debug|Any CPU
		{CAA8408C-927A-4375-A821-8DE4038B6463}.Release|Any CPU.ActiveCfg = Release|Any CPU
		{CAA8408C-927A-4375-A821-8DE4038B6463}.Release|Any CPU.Build.0 = Release|Any CPU
		{CAA8408C-927A-4375-A821-8DE4038B6463}.Release|x64.ActiveCfg = Release|Any CPU
		{CAA8408C-927A-4375-A821-8DE4038B6463}.Release|x64.Build.0 = Release|Any CPU
		{CAA8408C-927A-4375-A821-8DE4038B6463}.Release|x86.ActiveCfg = Release|Any CPU
		{CAA8408C-927A-4375-A821-8DE4038B6463}.Release|x86.Build.0 = Release|Any CPU
		{7F92F066-0FE1-4820-89FA-D807A1A3E251}.Debug|Any CPU.ActiveCfg = Debug|Any CPU
		{7F92F066-0FE1-4820-89FA-D807A1A3E251}.Debug|Any CPU.Build.0 = Debug|Any CPU
		{7F92F066-0FE1-4820-89FA-D807A1A3E251}.Debug|x64.ActiveCfg = Debug|Any CPU
		{7F92F066-0FE1-4820-89FA-D807A1A3E251}.Debug|x64.Build.0 = Debug|Any CPU
		{7F92F066-0FE1-4820-89FA-D807A1A3E251}.Debug|x86.ActiveCfg = Debug|Any CPU
		{7F92F066-0FE1-4820-89FA-D807A1A3E251}.Debug|x86.Build.0 = Debug|Any CPU
		{7F92F066-0FE1-4820-89FA-D807A1A3E251}.Release|Any CPU.ActiveCfg = Release|Any CPU
		{7F92F066-0FE1-4820-89FA-D807A1A3E251}.Release|Any CPU.Build.0 = Release|Any CPU
		{7F92F066-0FE1-4820-89FA-D807A1A3E251}.Release|x64.ActiveCfg = Release|Any CPU
		{7F92F066-0FE1-4820-89FA-D807A1A3E251}.Release|x64.Build.0 = Release|Any CPU
		{7F92F066-0FE1-4820-89FA-D807A1A3E251}.Release|x86.ActiveCfg = Release|Any CPU
		{7F92F066-0FE1-4820-89FA-D807A1A3E251}.Release|x86.Build.0 = Release|Any CPU
		{C4AC14C9-D0D5-4B26-93AD-181B499ACCC7}.Debug|Any CPU.ActiveCfg = Debug|Any CPU
		{C4AC14C9-D0D5-4B26-93AD-181B499ACCC7}.Debug|Any CPU.Build.0 = Debug|Any CPU
		{C4AC14C9-D0D5-4B26-93AD-181B499ACCC7}.Debug|x64.ActiveCfg = Debug|Any CPU
		{C4AC14C9-D0D5-4B26-93AD-181B499ACCC7}.Debug|x64.Build.0 = Debug|Any CPU
		{C4AC14C9-D0D5-4B26-93AD-181B499ACCC7}.Debug|x86.ActiveCfg = Debug|Any CPU
		{C4AC14C9-D0D5-4B26-93AD-181B499ACCC7}.Debug|x86.Build.0 = Debug|Any CPU
		{C4AC14C9-D0D5-4B26-93AD-181B499ACCC7}.Release|Any CPU.ActiveCfg = Release|Any CPU
		{C4AC14C9-D0D5-4B26-93AD-181B499ACCC7}.Release|Any CPU.Build.0 = Release|Any CPU
		{C4AC14C9-D0D5-4B26-93AD-181B499ACCC7}.Release|x64.ActiveCfg = Release|Any CPU
		{C4AC14C9-D0D5-4B26-93AD-181B499ACCC7}.Release|x64.Build.0 = Release|Any CPU
		{C4AC14C9-D0D5-4B26-93AD-181B499ACCC7}.Release|x86.ActiveCfg = Release|Any CPU
		{C4AC14C9-D0D5-4B26-93AD-181B499ACCC7}.Release|x86.Build.0 = Release|Any CPU
	EndGlobalSection
EndGlobal
